
Microsoft Visual Studio Solution File, Format Version 12.00
# Visual Studio 15
VisualStudioVersion = 15.0.27703.2000
MinimumVisualStudioVersion = 10.0.40219.1
Project("{9A19103F-16F7-4668-BE54-9A1E7A4F7556}") = "iCDataCenterClientHost", "DataCenterWebApp\iCDataCenterClientHost.csproj", "{0CB5E01E-3AB7-4AC2-92D4-79D990E5A26B}"
EndProject
Project("{9A19103F-16F7-4668-BE54-9A1E7A4F7556}") = "AutoChem.Core", "AutoChem.Core\AutoChem.Core.csproj", "{A391F359-B8C9-4AA4-A2E1-13F4614754A7}"
EndProject
Project("{FAE04EC0-301F-11D3-BF4B-00C04F79EFBC}") = "AutoChem.CentralDataServer", "AutoChem.CentralDataServer\AutoChem.CentralDataServer.csproj", "{C4A59419-4E08-4949-9F27-753A673DFE21}"
EndProject
Global
	GlobalSection(SolutionConfigurationPlatforms) = preSolution
		Debug|Any CPU = Debug|Any CPU
		Release|Any CPU = Release|Any CPU
	EndGlobalSection
	GlobalSection(ProjectConfigurationPlatforms) = postSolution
		{0CB5E01E-3AB7-4AC2-92D4-79D990E5A26B}.Debug|Any CPU.ActiveCfg = Debug|Any CPU
		{0CB5E01E-3AB7-4AC2-92D4-79D990E5A26B}.Debug|Any CPU.Build.0 = Debug|Any CPU
		{0CB5E01E-3AB7-4AC2-92D4-79D990E5A26B}.Release|Any CPU.ActiveCfg = Release|Any CPU
		{0CB5E01E-3AB7-4AC2-92D4-79D990E5A26B}.Release|Any CPU.Build.0 = Release|Any CPU
		{A391F359-B8C9-4AA4-A2E1-13F4614754A7}.Debug|Any CPU.ActiveCfg = Debug|Any CPU
		{A391F359-B8C9-4AA4-A2E1-13F4614754A7}.Debug|Any CPU.Build.0 = Debug|Any CPU
		{A391F359-B8C9-4AA4-A2E1-13F4614754A7}.Release|Any CPU.ActiveCfg = Release|Any CPU
		{A391F359-B8C9-4AA4-A2E1-13F4614754A7}.Release|Any CPU.Build.0 = Release|Any CPU
		{C4A59419-4E08-4949-9F27-753A673DFE21}.Debug|Any CPU.ActiveCfg = Debug|Any CPU
		{C4A59419-4E08-4949-9F27-753A673DFE21}.Debug|Any CPU.Build.0 = Debug|Any CPU
		{C4A59419-4E08-4949-9F27-753A673DFE21}.Release|Any CPU.ActiveCfg = Release|Any CPU
		{C4A59419-4E08-4949-9F27-753A673DFE21}.Release|Any CPU.Build.0 = Release|Any CPU
	EndGlobalSection
	GlobalSection(SolutionProperties) = preSolution
		HideSolutionNode = FALSE
	EndGlobalSection
	GlobalSection(ExtensibilityGlobals) = postSolution
		SolutionGuid = {39D88F80-A550-4DC0-8A65-19CBC8554D68}
	EndGlobalSection
EndGlobal
